
Microsoft Visual Studio Solution File, Format Version 12.00
# Visual Studio 15
VisualStudioVersion = 15.0.26730.16
MinimumVisualStudioVersion = 10.0.40219.1
Project("{FAE04EC0-301F-11D3-BF4B-00C04F79EFBC}") = "TreeElements", "TreeElements\TreeElements.csproj", "{C3D0F6B2-C7D3-4656-AF51-E6BA70309474}"
EndProject
Project("{FAE04EC0-301F-11D3-BF4B-00C04F79EFBC}") = "TreeElement.Test", "TreeElement.Test\TreeElement.Test.csproj", "{C4CEE88E-4B7F-4E04-AA6D-C77372FC36A7}"
EndProject
Global
	GlobalSection(SolutionConfigurationPlatforms) = preSolution
		Debug|Any CPU = Debug|Any CPU
		Release|Any CPU = Release|Any CPU
	EndGlobalSection
	GlobalSection(ProjectConfigurationPlatforms) = postSolution
		{C3D0F6B2-C7D3-4656-AF51-E6BA70309474}.Debug|Any CPU.ActiveCfg = Debug|Any CPU
		{C3D0F6B2-C7D3-4656-AF51-E6BA70309474}.Debug|Any CPU.Build.0 = Debug|Any CPU
		{C3D0F6B2-C7D3-4656-AF51-E6BA70309474}.Release|Any CPU.ActiveCfg = Release|Any CPU
		{C3D0F6B2-C7D3-4656-AF51-E6BA70309474}.Release|Any CPU.Build.0 = Release|Any CPU
		{C4CEE88E-4B7F-4E04-AA6D-C77372FC36A7}.Debug|Any CPU.ActiveCfg = Debug|Any CPU
		{C4CEE88E-4B7F-4E04-AA6D-C77372FC36A7}.Debug|Any CPU.Build.0 = Debug|Any CPU
		{C4CEE88E-4B7F-4E04-AA6D-C77372FC36A7}.Release|Any CPU.ActiveCfg = Release|Any CPU
		{C4CEE88E-4B7F-4E04-AA6D-C77372FC36A7}.Release|Any CPU.Build.0 = Release|Any CPU
	EndGlobalSection
	GlobalSection(SolutionProperties) = preSolution
		HideSolutionNode = FALSE
	EndGlobalSection
	GlobalSection(ExtensibilityGlobals) = postSolution
		SolutionGuid = {AD384429-D356-4DA9-B6E3-637FBC6B892E}
	EndGlobalSection
EndGlobal
